
Microsoft Visual Studio Solution File, Format Version 12.00
# Visual Studio Version 17
VisualStudioVersion = 17.6.33723.286
MinimumVisualStudioVersion = 10.0.40219.1
Project("{FAE04EC0-301F-11D3-BF4B-00C04F79EFBC}") = "MyAyur.MeetEventApi", "MyAyur.MeetEventApi.csproj", "{6333D31B-038B-4BBC-903E-63AD3FD5422A}"
EndProject
Global
	GlobalSection(SolutionConfigurationPlatforms) = preSolution
		Debug|Any CPU = Debug|Any CPU
		Release|Any CPU = Release|Any CPU
	EndGlobalSection
	GlobalSection(ProjectConfigurationPlatforms) = postSolution
		{6333D31B-038B-4BBC-903E-63AD3FD5422A}.Debug|Any CPU.ActiveCfg = Debug|Any CPU
		{6333D31B-038B-4BBC-903E-63AD3FD5422A}.Debug|Any CPU.Build.0 = Debug|Any CPU
		{6333D31B-038B-4BBC-903E-63AD3FD5422A}.Release|Any CPU.ActiveCfg = Release|Any CPU
		{6333D31B-038B-4BBC-903E-63AD3FD5422A}.Release|Any CPU.Build.0 = Release|Any CPU
	EndGlobalSection
	GlobalSection(SolutionProperties) = preSolution
		HideSolutionNode = FALSE
	EndGlobalSection
	GlobalSection(ExtensibilityGlobals) = postSolution
		SolutionGuid = {8B638037-462E-48F6-8112-39736E44CF2F}
	EndGlobalSection
EndGlobal
